
Microsoft Visual Studio Solution File, Format Version 12.00
# Visual Studio 15
VisualStudioVersion = 15.0.28010.2046
MinimumVisualStudioVersion = 10.0.40219.1
Project("{FAE04EC0-301F-11D3-BF4B-00C04F79EFBC}") = "KavinConsoleCalculator", "KavinConsoleCalculator\KavinConsoleCalculator.csproj", "{F3BEB349-3911-4751-B004-CD6C7384EF57}"
EndProject
Global
	GlobalSection(SolutionConfigurationPlatforms) = preSolution
		Debug|Any CPU = Debug|Any CPU
		Release|Any CPU = Release|Any CPU
	EndGlobalSection
	GlobalSection(ProjectConfigurationPlatforms) = postSolution
		{F3BEB349-3911-4751-B004-CD6C7384EF57}.Debug|Any CPU.ActiveCfg = Debug|Any CPU
		{F3BEB349-3911-4751-B004-CD6C7384EF57}.Debug|Any CPU.Build.0 = Debug|Any CPU
		{F3BEB349-3911-4751-B004-CD6C7384EF57}.Release|Any CPU.ActiveCfg = Release|Any CPU
		{F3BEB349-3911-4751-B004-CD6C7384EF57}.Release|Any CPU.Build.0 = Release|Any CPU
	EndGlobalSection
	GlobalSection(SolutionProperties) = preSolution
		HideSolutionNode = FALSE
	EndGlobalSection
	GlobalSection(ExtensibilityGlobals) = postSolution
		SolutionGuid = {8B04E2A5-FC4D-49FF-B7C9-8ACA1828A9D5}
	EndGlobalSection
EndGlobal
